// !$*UTF8*$!
{
	archiveVersion = 1;
	classes = {
	};
	objectVersion = 55;
	objects = {

/* Begin PBXBuildFile section */
		CD2C37A328A5A45300EE9DEF /* AppDelegate.swift in Sources */ = {isa = PBXBuildFile; fileRef = CD2C37A228A5A45300EE9DEF /* AppDelegate.swift */; };
		CD2C37A528A5A45300EE9DEF /* SceneDelegate.swift in Sources */ = {isa = PBXBuildFile; fileRef = CD2C37A428A5A45300EE9DEF /* SceneDelegate.swift */; };
		CD2C37A728A5A45300EE9DEF /* LoginViewController.swift in Sources */ = {isa = PBXBuildFile; fileRef = CD2C37A628A5A45300EE9DEF /* LoginViewController.swift */; };
		CD2C37AA28A5A45300EE9DEF /* Main.storyboard in Resources */ = {isa = PBXBuildFile; fileRef = CD2C37A828A5A45300EE9DEF /* Main.storyboard */; };
		CD2C37AC28A5A45400EE9DEF /* Assets.xcassets in Resources */ = {isa = PBXBuildFile; fileRef = CD2C37AB28A5A45400EE9DEF /* Assets.xcassets */; };
		CD2C37AF28A5A45400EE9DEF /* LaunchScreen.storyboard in Resources */ = {isa = PBXBuildFile; fileRef = CD2C37AD28A5A45400EE9DEF /* LaunchScreen.storyboard */; };
		CD2C37B728A5A68600EE9DEF /* WelcomeViewController.swift in Sources */ = {isa = PBXBuildFile; fileRef = CD2C37B628A5A68600EE9DEF /* WelcomeViewController.swift */; };
		CD6DB6CE28B1A63800388F36 /* AboutViewController.swift in Sources */ = {isa = PBXBuildFile; fileRef = CD6DB6CD28B1A63800388F36 /* AboutViewController.swift */; };
		CD6DB6D028B1AC4100388F36 /* UserData.swift in Sources */ = {isa = PBXBuildFile; fileRef = CD6DB6CF28B1AC4100388F36 /* UserData.swift */; };
/* End PBXBuildFile section */

/* Begin PBXFileReference section */
		CD2C379F28A5A45300EE9DEF /* LoginEmulator.app */ = {isa = PBXFileReference; explicitFileType = wrapper.application; includeInIndex = 0; path = LoginEmulator.app; sourceTree = BUILT_PRODUCTS_DIR; };
		CD2C37A228A5A45300EE9DEF /* AppDelegate.swift */ = {isa = PBXFileReference; lastKnownFileType = sourcecode.swift; path = AppDelegate.swift; sourceTree = "<group>"; };
		CD2C37A428A5A45300EE9DEF /* SceneDelegate.swift */ = {isa = PBXFileReference; lastKnownFileType = sourcecode.swift; path = SceneDelegate.swift; sourceTree = "<group>"; };
		CD2C37A628A5A45300EE9DEF /* LoginViewController.swift */ = {isa = PBXFileReference; lastKnownFileType = sourcecode.swift; path = LoginViewController.swift; sourceTree = "<group>"; };
		CD2C37A928A5A45300EE9DEF /* Base */ = {isa = PBXFileReference; lastKnownFileType = file.storyboard; name = Base; path = Base.lproj/Main.storyboard; sourceTree = "<group>"; };
		CD2C37AB28A5A45400EE9DEF /* Assets.xcassets */ = {isa = PBXFileReference; lastKnownFileType = folder.assetcatalog; path = Assets.xcassets; sourceTree = "<group>"; };
		CD2C37AE28A5A45400EE9DEF /* Base */ = {isa = PBXFileReference; lastKnownFileType = file.storyboard; name = Base; path = Base.lproj/LaunchScreen.storyboard; sourceTree = "<group>"; };
		CD2C37B028A5A45400EE9DEF /* Info.plist */ = {isa = PBXFileReference; lastKnownFileType = text.plist.xml; path = Info.plist; sourceTree = "<group>"; };
		CD2C37B628A5A68600EE9DEF /* WelcomeViewController.swift */ = {isa = PBXFileReference; lastKnownFileType = sourcecode.swift; path = WelcomeViewController.swift; sourceTree = "<group>"; };
		CD6DB6CD28B1A63800388F36 /* AboutViewController.swift */ = {isa = PBXFileReference; lastKnownFileType = sourcecode.swift; path = AboutViewController.swift; sourceTree = "<group>"; };
		CD6DB6CF28B1AC4100388F36 /* UserData.swift */ = {isa = PBXFileReference; lastKnownFileType = sourcecode.swift; path = UserData.swift; sourceTree = "<group>"; };
/* End PBXFileReference section */

/* Begin PBXFrameworksBuildPhase section */
		CD2C379C28A5A45300EE9DEF /* Frameworks */ = {
			isa = PBXFrameworksBuildPhase;
			buildActionMask = 2147483647;
			files = (
			);
			runOnlyForDeploymentPostprocessing = 0;
		};
/* End PBXFrameworksBuildPhase section */

/* Begin PBXGroup section */
		CD2C379628A5A45300EE9DEF = {
			isa = PBXGroup;
			children = (
				CD2C37A128A5A45300EE9DEF /* LoginEmulator */,
				CD2C37A028A5A45300EE9DEF /* Products */,
			);
			sourceTree = "<group>";
		};
		CD2C37A028A5A45300EE9DEF /* Products */ = {
			isa = PBXGroup;
			children = (
				CD2C379F28A5A45300EE9DEF /* LoginEmulator.app */,
			);
			name = Products;
			sourceTree = "<group>";
		};
		CD2C37A128A5A45300EE9DEF /* LoginEmulator */ = {
			isa = PBXGroup;
			children = (
				CD6DB6C928B15A5700388F36 /* Models */,
				CD6DB6C828B15A0500388F36 /* ViewControllers */,
				CD6DB6CA28B15A8D00388F36 /* Storyboards */,
				CD6DB6CC28B1A3C900388F36 /* Resources */,
				CD6DB6D128B1AC6E00388F36 /* SupportingFiles */,
				CD2C37B028A5A45400EE9DEF /* Info.plist */,
			);
			path = LoginEmulator;
			sourceTree = "<group>";
		};
		CD6DB6C828B15A0500388F36 /* ViewControllers */ = {
			isa = PBXGroup;
			children = (
				CD2C37A628A5A45300EE9DEF /* LoginViewController.swift */,
				CD2C37B628A5A68600EE9DEF /* WelcomeViewController.swift */,
				CD6DB6CD28B1A63800388F36 /* AboutViewController.swift */,
			);
			path = ViewControllers;
			sourceTree = "<group>";
		};
		CD6DB6C928B15A5700388F36 /* Models */ = {
			isa = PBXGroup;
			children = (
				CD6DB6CF28B1AC4100388F36 /* UserData.swift */,
			);
			path = Models;
			sourceTree = "<group>";
		};
		CD6DB6CA28B15A8D00388F36 /* Storyboards */ = {
			isa = PBXGroup;
			children = (
				CD2C37A828A5A45300EE9DEF /* Main.storyboard */,
				CD2C37AD28A5A45400EE9DEF /* LaunchScreen.storyboard */,
			);
			path = Storyboards;
			sourceTree = "<group>";
		};
		CD6DB6CC28B1A3C900388F36 /* Resources */ = {
			isa = PBXGroup;
			children = (
				CD2C37AB28A5A45400EE9DEF /* Assets.xcassets */,
			);
			path = Resources;
			sourceTree = "<group>";
		};
		CD6DB6D128B1AC6E00388F36 /* SupportingFiles */ = {
			isa = PBXGroup;
			children = (
				CD2C37A228A5A45300EE9DEF /* AppDelegate.swift */,
				CD2C37A428A5A45300EE9DEF /* SceneDelegate.swift */,
			);
			path = SupportingFiles;
			sourceTree = "<group>";
		};
/* End PBXGroup section */

/* Begin PBXNativeTarget section */
		CD2C379E28A5A45300EE9DEF /* LoginEmulator */ = {
			isa = PBXNativeTarget;
			buildConfigurationList = CD2C37B328A5A45400EE9DEF /* Build configuration list for PBXNativeTarget "LoginEmulator" */;
			buildPhases = (
				CD2C379B28A5A45300EE9DEF /* Sources */,
				CD2C379C28A5A45300EE9DEF /* Frameworks */,
				CD2C379D28A5A45300EE9DEF /* Resources */,
			);
			buildRules = (
			);
			dependencies = (
			);
			name = LoginEmulator;
			productName = LoginEmulator;
			productReference = CD2C379F28A5A45300EE9DEF /* LoginEmulator.app */;
			productType = "com.apple.product-type.application";
		};
/* End PBXNativeTarget section */

/* Begin PBXProject section */
		CD2C379728A5A45300EE9DEF /* Project object */ = {
			isa = PBXProject;
			attributes = {
				BuildIndependentTargetsInParallel = 1;
				LastSwiftUpdateCheck = 1340;
				LastUpgradeCheck = 1340;
				TargetAttributes = {
					CD2C379E28A5A45300EE9DEF = {
						CreatedOnToolsVersion = 13.4.1;
					};
				};
			};
			buildConfigurationList = CD2C379A28A5A45300EE9DEF /* Build configuration list for PBXProject "LoginEmulator" */;
			compatibilityVersion = "Xcode 13.0";
			developmentRegion = en;
			hasScannedForEncodings = 0;
			knownRegions = (
				en,
				Base,
			);
			mainGroup = CD2C379628A5A45300EE9DEF;
			productRefGroup = CD2C37A028A5A45300EE9DEF /* Products */;
			projectDirPath = "";
			projectRoot = "";
			targets = (
				CD2C379E28A5A45300EE9DEF /* LoginEmulator */,
			);
		};
/* End PBXProject section */

/* Begin PBXResourcesBuildPhase section */
		CD2C379D28A5A45300EE9DEF /* Resources */ = {
			isa = PBXResourcesBuildPhase;
			buildActionMask = 2147483647;
			files = (
				CD2C37AF28A5A45400EE9DEF /* LaunchScreen.storyboard in Resources */,
				CD2C37AC28A5A45400EE9DEF /* Assets.xcassets in Resources */,
				CD2C37AA28A5A45300EE9DEF /* Main.storyboard in Resources */,
			);
			runOnlyForDeploymentPostprocessing = 0;
		};
/* End PBXResourcesBuildPhase section */

/* Begin PBXSourcesBuildPhase section */
		CD2C379B28A5A45300EE9DEF /* Sources */ = {
			isa = PBXSourcesBuildPhase;
			buildActionMask = 2147483647;
			files = (
				CD6DB6D028B1AC4100388F36 /* UserData.swift in Sources */,
				CD2C37A728A5A45300EE9DEF /* LoginViewController.swift in Sources */,
				CD2C37B728A5A68600EE9DEF /* WelcomeViewController.swift in Sources */,
				CD2C37A328A5A45300EE9DEF /* AppDelegate.swift in Sources */,
				CD6DB6CE28B1A63800388F36 /* AboutViewController.swift in Sources */,
				CD2C37A528A5A45300EE9DEF /* SceneDelegate.swift in Sources */,
			);
			runOnlyForDeploymentPostprocessing = 0;
		};
/* End PBXSourcesBuildPhase section */

/* Begin PBXVariantGroup section */
		CD2C37A828A5A45300EE9DEF /* Main.storyboard */ = {
			isa = PBXVariantGroup;
			children = (
				CD2C37A928A5A45300EE9DEF /* Base */,
			);
			name = Main.storyboard;
			sourceTree = "<group>";
		};
		CD2C37AD28A5A45400EE9DEF /* LaunchScreen.storyboard */ = {
			isa = PBXVariantGroup;
			children = (
				CD2C37AE28A5A45400EE9DEF /* Base */,
			);
			name = LaunchScreen.storyboard;
			sourceTree = "<group>";
		};
/* End PBXVariantGroup section */

/* Begin XCBuildConfiguration section */
		CD2C37B128A5A45400EE9DEF /* Debug */ = {
			isa = XCBuildConfiguration;
			buildSettings = {
				ALWAYS_SEARCH_USER_PATHS = NO;
				CLANG_ANALYZER_NONNULL = YES;
				CLANG_ANALYZER_NUMBER_OBJECT_CONVERSION = YES_AGGRESSIVE;
				CLANG_CXX_LANGUAGE_STANDARD = "gnu++17";
				CLANG_ENABLE_MODULES = YES;
				CLANG_ENABLE_OBJC_ARC = YES;
				CLANG_ENABLE_OBJC_WEAK = YES;
				CLANG_WARN_BLOCK_CAPTURE_AUTORELEASING = YES;
				CLANG_WARN_BOOL_CONVERSION = YES;
				CLANG_WARN_COMMA = YES;
				CLANG_WARN_CONSTANT_CONVERSION = YES;
				CLANG_WARN_DEPRECATED_OBJC_IMPLEMENTATIONS = YES;
				CLANG_WARN_DIRECT_OBJC_ISA_USAGE = YES_ERROR;
				CLANG_WARN_DOCUMENTATION_COMMENTS = YES;
				CLANG_WARN_EMPTY_BODY = YES;
				CLANG_WARN_ENUM_CONVERSION = YES;
				CLANG_WARN_INFINITE_RECURSION = YES;
				CLANG_WARN_INT_CONVERSION = YES;
				CLANG_WARN_NON_LITERAL_NULL_CONVERSION = YES;
				CLANG_WARN_OBJC_IMPLICIT_RETAIN_SELF = YES;
				CLANG_WARN_OBJC_LITERAL_CONVERSION = YES;
				CLANG_WARN_OBJC_ROOT_CLASS = YES_ERROR;
				CLANG_WARN_QUOTED_INCLUDE_IN_FRAMEWORK_HEADER = YES;
				CLANG_WARN_RANGE_LOOP_ANALYSIS = YES;
				CLANG_WARN_STRICT_PROTOTYPES = YES;
				CLANG_WARN_SUSPICIOUS_MOVE = YES;
				CLANG_WARN_UNGUARDED_AVAILABILITY = YES_AGGRESSIVE;
				CLANG_WARN_UNREACHABLE_CODE = YES;
				CLANG_WARN__DUPLICATE_METHOD_MATCH = YES;
				COPY_PHASE_STRIP = NO;
				DEBUG_INFORMATION_FORMAT = dwarf;
				ENABLE_STRICT_OBJC_MSGSEND = YES;
				ENABLE_TESTABILITY = YES;
				GCC_C_LANGUAGE_STANDARD = gnu11;
				GCC_DYNAMIC_NO_PIC = NO;
				GCC_NO_COMMON_BLOCKS = YES;
				GCC_OPTIMIZATION_LEVEL = 0;
				GCC_PREPROCESSOR_DEFINITIONS = (
					"DEBUG=1",
					"$(inherited)",
				);
				GCC_WARN_64_TO_32_BIT_CONVERSION = YES;
				GCC_WARN_ABOUT_RETURN_TYPE = YES_ERROR;
				GCC_WARN_UNDECLARED_SELECTOR = YES;
				GCC_WARN_UNINITIALIZED_AUTOS = YES_AGGRESSIVE;
				GCC_WARN_UNUSED_FUNCTION = YES;
				GCC_WARN_UNUSED_VARIABLE = YES;
				IPHONEOS_DEPLOYMENT_TARGET = 15.5;
				MTL_ENABLE_DEBUG_INFO = INCLUDE_SOURCE;
				MTL_FAST_MATH = YES;
				ONLY_ACTIVE_ARCH = YES;
				SDKROOT = iphoneos;
				SWIFT_ACTIVE_COMPILATION_CONDITIONS = DEBUG;
				SWIFT_OPTIMIZATION_LEVEL = "-Onone";
			};
			name = Debug;
		};
		CD2C37B228A5A45400EE9DEF /* Release */ = {
			isa = XCBuildConfiguration;
			buildSettings = {
				ALWAYS_SEARCH_USER_PATHS = NO;
				CLANG_ANALYZER_NONNULL = YES;
				CLANG_ANALYZER_NUMBER_OBJECT_CONVERSION = YES_AGGRESSIVE;
				CLANG_CXX_LANGUAGE_STANDARD = "gnu++17";
				CLANG_ENABLE_MODULES = YES;
				CLANG_ENABLE_OBJC_ARC = YES;
				CLANG_ENABLE_OBJC_WEAK = YES;
				CLANG_WARN_BLOCK_CAPTURE_AUTORELEASING = YES;
				CLANG_WARN_BOOL_CONVERSION = YES;
				CLANG_WARN_COMMA = YES;
				CLANG_WARN_CONSTANT_CONVERSION = YES;
				CLANG_WARN_DEPRECATED_OBJC_IMPLEMENTATIONS = YES;
				CLANG_WARN_DIRECT_OBJC_ISA_USAGE = YES_ERROR;
				CLANG_WARN_DOCUMENTATION_COMMENTS = YES;
				CLANG_WARN_EMPTY_BODY = YES;
				CLANG_WARN_ENUM_CONVERSION = YES;
				CLANG_WARN_INFINITE_RECURSION = YES;
				CLANG_WARN_INT_CONVERSION = YES;
				CLANG_WARN_NON_LITERAL_NULL_CONVERSION = YES;
				CLANG_WARN_OBJC_IMPLICIT_RETAIN_SELF = YES;
				CLANG_WARN_OBJC_LITERAL_CONVERSION = YES;
				CLANG_WARN_OBJC_ROOT_CLASS = YES_ERROR;
				CLANG_WARN_QUOTED_INCLUDE_IN_FRAMEWORK_HEADER = YES;
				CLANG_WARN_RANGE_LOOP_ANALYSIS = YES;
				CLANG_WARN_STRICT_PROTOTYPES = YES;
				CLANG_WARN_SUSPICIOUS_MOVE = YES;
				CLANG_WARN_UNGUARDED_AVAILABILITY = YES_AGGRESSIVE;
				CLANG_WARN_UNREACHABLE_CODE = YES;
				CLANG_WARN__DUPLICATE_METHOD_MATCH = YES;
				COPY_PHASE_STRIP = NO;
				DEBUG_INFORMATION_FORMAT = "dwarf-with-dsym";
				ENABLE_NS_ASSERTIONS = NO;
				ENABLE_STRICT_OBJC_MSGSEND = YES;
				GCC_C_LANGUAGE_STANDARD = gnu11;
				GCC_NO_COMMON_BLOCKS = YES;
				GCC_WARN_64_TO_32_BIT_CONVERSION = YES;
				GCC_WARN_ABOUT_RETURN_TYPE = YES_ERROR;
				GCC_WARN_UNDECLARED_SELECTOR = YES;
				GCC_WARN_UNINITIALIZED_AUTOS = YES_AGGRESSIVE;
				GCC_WARN_UNUSED_FUNCTION = YES;
				GCC_WARN_UNUSED_VARIABLE = YES;
				IPHONEOS_DEPLOYMENT_TARGET = 15.5;
				MTL_ENABLE_DEBUG_INFO = NO;
				MTL_FAST_MATH = YES;
				SDKROOT = iphoneos;
				SWIFT_COMPILATION_MODE = wholemodule;
				SWIFT_OPTIMIZATION_LEVEL = "-O";
				VALIDATE_PRODUCT = YES;
			};
			name = Release;
		};
		CD2C37B428A5A45400EE9DEF /* Debug */ = {
			isa = XCBuildConfiguration;
			buildSettings = {
				ASSETCATALOG_COMPILER_APPICON_NAME = AppIcon;
				ASSETCATALOG_COMPILER_GLOBAL_ACCENT_COLOR_NAME = AccentColor;
				CODE_SIGN_STYLE = Automatic;
				CURRENT_PROJECT_VERSION = 1;
				DEVELOPMENT_TEAM = 3MCEM7LENW;
				GENERATE_INFOPLIST_FILE = YES;
				INFOPLIST_FILE = LoginEmulator/Info.plist;
				INFOPLIST_KEY_UIApplicationSupportsIndirectInputEvents = YES;
				INFOPLIST_KEY_UILaunchStoryboardName = LaunchScreen;
				INFOPLIST_KEY_UIMainStoryboardFile = Main;
				INFOPLIST_KEY_UISupportedInterfaceOrientations = UIInterfaceOrientationPortrait;
				INFOPLIST_KEY_UISupportedInterfaceOrientations_iPad = "UIInterfaceOrientationPortrait UIInterfaceOrientationPortraitUpsideDown UIInterfaceOrientationLandscapeLeft UIInterfaceOrientationLandscapeRight";
				INFOPLIST_KEY_UISupportedInterfaceOrientations_iPhone = "UIInterfaceOrientationPortrait UIInterfaceOrientationLandscapeLeft UIInterfaceOrientationLandscapeRight";
				LD_RUNPATH_SEARCH_PATHS = (
					"$(inherited)",
					"@executable_path/Frameworks",
				);
				MARKETING_VERSION = 1.0;
				PRODUCT_BUNDLE_IDENTIFIER = io.fridman.LoginEmulator;
				PRODUCT_NAME = "$(TARGET_NAME)";
				SWIFT_EMIT_LOC_STRINGS = YES;
				SWIFT_VERSION = 5.0;
				TARGETED_DEVICE_FAMILY = 1;
			};
			name = Debug;
		};
		CD2C37B528A5A45400EE9DEF /* Release */ = {
			isa = XCBuildConfiguration;
			buildSettings = {
				ASSETCATALOG_COMPILER_APPICON_NAME = AppIcon;
				ASSETCATALOG_COMPILER_GLOBAL_ACCENT_COLOR_NAME = AccentColor;
				CODE_SIGN_STYLE = Automatic;
				CURRENT_PROJECT_VERSION = 1;
				DEVELOPMENT_TEAM = 3MCEM7LENW;
				GENERATE_INFOPLIST_FILE = YES;
				INFOPLIST_FILE = LoginEmulator/Info.plist;
				INFOPLIST_KEY_UIApplicationSupportsIndirectInputEvents = YES;
				INFOPLIST_KEY_UILaunchStoryboardName = LaunchScreen;
				INFOPLIST_KEY_UIMainStoryboardFile = Main;
				INFOPLIST_KEY_UISupportedInterfaceOrientations = UIInterfaceOrientationPortrait;
				INFOPLIST_KEY_UISupportedInterfaceOrientations_iPad = "UIInterfaceOrientationPortrait UIInterfaceOrientationPortraitUpsideDown UIInterfaceOrientationLandscapeLeft UIInterfaceOrientationLandscapeRight";
				INFOPLIST_KEY_UISupportedInterfaceOrientations_iPhone = "UIInterfaceOrientationPortrait UIInterfaceOrientationLandscapeLeft UIInterfaceOrientationLandscapeRight";
				LD_RUNPATH_SEARCH_PATHS = (
					"$(inherited)",
					"@executable_path/Frameworks",
				);
				MARKETING_VERSION = 1.0;
				PRODUCT_BUNDLE_IDENTIFIER = io.fridman.LoginEmulator;
				PRODUCT_NAME = "$(TARGET_NAME)";
				SWIFT_EMIT_LOC_STRINGS = YES;
				SWIFT_VERSION = 5.0;
				TARGETED_DEVICE_FAMILY = 1;
			};
			name = Release;
		};
/* End XCBuildConfiguration section */

/* Begin XCConfigurationList section */
		CD2C379A28A5A45300EE9DEF /* Build configuration list for PBXProject "LoginEmulator" */ = {
			isa = XCConfigurationList;
			buildConfigurations = (
				CD2C37B128A5A45400EE9DEF /* Debug */,
				CD2C37B228A5A45400EE9DEF /* Release */,
			);
			defaultConfigurationIsVisible = 0;
			defaultConfigurationName = Release;
		};
		CD2C37B328A5A45400EE9DEF /* Build configuration list for PBXNativeTarget "LoginEmulator" */ = {
			isa = XCConfigurationList;
			buildConfigurations = (
				CD2C37B428A5A45400EE9DEF /* Debug */,
				CD2C37B528A5A45400EE9DEF /* Release */,
			);
			defaultConfigurationIsVisible = 0;
			defaultConfigurationName = Release;
		};
/* End XCConfigurationList section */
	};
	rootObject = CD2C379728A5A45300EE9DEF /* Project object */;
}
